
Microsoft Visual Studio Solution File, Format Version 12.00
# Visual Studio 14
VisualStudioVersion = 14.0.23107.0
MinimumVisualStudioVersion = 10.0.40219.1
Project("{8BC9CEB8-8B4A-11D0-8D11-00A0C91BC942}") = "ProgramSet1", "ProgramSet1\ProgramSet1.vcxproj", "{DE59CCED-C19A-4D5B-A65C-0584CD53C680}"
EndProject
Global
	GlobalSection(SolutionConfigurationPlatforms) = preSolution
		Debug|x64 = Debug|x64
		Debug|x86 = Debug|x86
		Release|x64 = Release|x64
		Release|x86 = Release|x86
	EndGlobalSection
	GlobalSection(ProjectConfigurationPlatforms) = postSolution
		{DE59CCED-C19A-4D5B-A65C-0584CD53C680}.Debug|x64.ActiveCfg = Debug|x64
		{DE59CCED-C19A-4D5B-A65C-0584CD53C680}.Debug|x64.Build.0 = Debug|x64
		{DE59CCED-C19A-4D5B-A65C-0584CD53C680}.Debug|x86.ActiveCfg = Debug|Win32
		{DE59CCED-C19A-4D5B-A65C-0584CD53C680}.Debug|x86.Build.0 = Debug|Win32
		{DE59CCED-C19A-4D5B-A65C-0584CD53C680}.Release|x64.ActiveCfg = Release|x64
		{DE59CCED-C19A-4D5B-A65C-0584CD53C680}.Release|x64.Build.0 = Release|x64
		{DE59CCED-C19A-4D5B-A65C-0584CD53C680}.Release|x86.ActiveCfg = Release|Win32
		{DE59CCED-C19A-4D5B-A65C-0584CD53C680}.Release|x86.Build.0 = Release|Win32
	EndGlobalSection
	GlobalSection(SolutionProperties) = preSolution
		HideSolutionNode = FALSE
	EndGlobalSection
EndGlobal
